
Microsoft Visual Studio Solution File, Format Version 12.00
# Visual Studio Version 16
VisualStudioVersion = 16.0.29215.179
MinimumVisualStudioVersion = 10.0.40219.1
Project("{9A19103F-16F7-4668-BE54-9A1E7A4F7556}") = "QuestionAnswer.Entities", "QuestionAnswer.Entities\QuestionAnswer.Entities.csproj", "{5E83C2A5-469F-46F8-9A29-A3676825C1F4}"
EndProject
Project("{FAE04EC0-301F-11D3-BF4B-00C04F79EFBC}") = "QuestionAnswer.DataAccess", "QuestionAnswer.DataAcess\QuestionAnswer.DataAccess.csproj", "{59CF5E63-A50C-4C8F-9290-796202621243}"
EndProject
Global
	GlobalSection(SolutionConfigurationPlatforms) = preSolution
		Debug|Any CPU = Debug|Any CPU
		Release|Any CPU = Release|Any CPU
	EndGlobalSection
	GlobalSection(ProjectConfigurationPlatforms) = postSolution
		{5E83C2A5-469F-46F8-9A29-A3676825C1F4}.Debug|Any CPU.ActiveCfg = Debug|Any CPU
		{5E83C2A5-469F-46F8-9A29-A3676825C1F4}.Debug|Any CPU.Build.0 = Debug|Any CPU
		{5E83C2A5-469F-46F8-9A29-A3676825C1F4}.Release|Any CPU.ActiveCfg = Release|Any CPU
		{5E83C2A5-469F-46F8-9A29-A3676825C1F4}.Release|Any CPU.Build.0 = Release|Any CPU
		{59CF5E63-A50C-4C8F-9290-796202621243}.Debug|Any CPU.ActiveCfg = Debug|Any CPU
		{59CF5E63-A50C-4C8F-9290-796202621243}.Debug|Any CPU.Build.0 = Debug|Any CPU
		{59CF5E63-A50C-4C8F-9290-796202621243}.Release|Any CPU.ActiveCfg = Release|Any CPU
		{59CF5E63-A50C-4C8F-9290-796202621243}.Release|Any CPU.Build.0 = Release|Any CPU
	EndGlobalSection
	GlobalSection(SolutionProperties) = preSolution
		HideSolutionNode = FALSE
	EndGlobalSection
	GlobalSection(ExtensibilityGlobals) = postSolution
		SolutionGuid = {78567B36-F6A3-44C5-9995-AE6DA8EB072B}
	EndGlobalSection
EndGlobal
